{
  "format_version":"0.1",
  "terraform_version":"0.12.0-beta2",
  "planned_values":{
    "root_module":{
      "child_modules":[
        {
          "resources":[
            {
              "address":"module.instance-1.aws_instance.instance",
              "mode":"managed",
              "type":"aws_instance",
              "name":"instance",
              "provider_name":"aws",
              "schema_version":1,
              "values":{
                "ami":"ami-0d859172c8670bbcd",
                "credit_specification":[

                ],
                "disable_api_termination":null,
                "ebs_optimized":null,
                "get_password_data":false,
                "iam_instance_profile":null,
                "instance_initiated_shutdown_behavior":null,
                "instance_type":"t2.micro",
                "monitoring":null,
                "source_dest_check":true,
                "tags":{
                  "Name":"web1"
                },
                "timeouts":null,
                "user_data":null,
                "user_data_base64":null
              }
            }
          ],
          "address":"module.instance-1"
        },
        {
          "resources":[
            {
              "address":"module.instance-2.aws_instance.instance",
              "mode":"managed",
              "type":"aws_instance",
              "name":"instance",
              "provider_name":"aws",
              "schema_version":1,
              "values":{
                "ami":"ami-0d859172c8670bbcd",
                "credit_specification":[

                ],
                "disable_api_termination":null,
                "ebs_optimized":null,
                "get_password_data":false,
                "iam_instance_profile":null,
                "instance_initiated_shutdown_behavior":null,
                "instance_type":"t2.micro",
                "monitoring":null,
                "source_dest_check":true,
                "tags":{
                  "Name":"web2"
                },
                "timeouts":null,
                "user_data":null,
                "user_data_base64":null
              }
            }
          ],
          "address":"module.instance-2"
        }
      ]
    }
  },
  "resource_changes":[
    {
      "address":"module.instance-1.aws_instance.instance",
      "module_address":"module.instance-1",
      "mode":"managed",
      "type":"aws_instance",
      "name":"instance",
      "provider_name":"aws",
      "change":{
        "actions":[
          "create"
        ],
        "before":null,
        "after":{
          "ami":"ami-0d859172c8670bbcd",
          "credit_specification":[

          ],
          "disable_api_termination":null,
          "ebs_optimized":null,
          "get_password_data":false,
          "iam_instance_profile":null,
          "instance_initiated_shutdown_behavior":null,
          "instance_type":"t2.micro",
          "monitoring":null,
          "source_dest_check":true,
          "tags":{
            "Name":"web1"
          },
          "timeouts":null,
          "user_data":null,
          "user_data_base64":null
        },
        "after_unknown":{
          "ami":false,
          "arn":true,
          "associate_public_ip_address":true,
          "availability_zone":true,
          "cpu_core_count":true,
          "cpu_threads_per_core":true,
          "credit_specification":false,
          "disable_api_termination":false,
          "ebs_block_device":true,
          "ebs_optimized":false,
          "ephemeral_block_device":true,
          "get_password_data":false,
          "host_id":true,
          "iam_instance_profile":false,
          "id":true,
          "instance_initiated_shutdown_behavior":false,
          "instance_state":true,
          "instance_type":false,
          "ipv6_address_count":true,
          "ipv6_addresses":true,
          "key_name":true,
          "monitoring":false,
          "network_interface":true,
          "network_interface_id":true,
          "password_data":true,
          "placement_group":true,
          "primary_network_interface_id":true,
          "private_dns":true,
          "private_ip":true,
          "public_dns":true,
          "public_ip":true,
          "root_block_device":true,
          "security_groups":true,
          "source_dest_check":false,
          "subnet_id":true,
          "tags":{
            "Name":false
          },
          "tenancy":true,
          "timeouts":false,
          "user_data":false,
          "user_data_base64":false,
          "volume_tags":true,
          "vpc_security_group_ids":true
        }
      }
    },
    {
      "address":"module.instance-2.aws_instance.instance",
      "module_address":"module.instance-2",
      "mode":"managed",
      "type":"aws_instance",
      "name":"instance",
      "provider_name":"aws",
      "change":{
        "actions":[
          "create"
        ],
        "before":null,
        "after":{
          "ami":"ami-0d859172c8670bbcd",
          "credit_specification":[

          ],
          "disable_api_termination":null,
          "ebs_optimized":null,
          "get_password_data":false,
          "iam_instance_profile":null,
          "instance_initiated_shutdown_behavior":null,
          "instance_type":"t2.micro",
          "monitoring":null,
          "source_dest_check":true,
          "tags":{
            "Name":"web2"
          },
          "timeouts":null,
          "user_data":null,
          "user_data_base64":null
        },
        "after_unknown":{
          "ami":false,
          "arn":true,
          "associate_public_ip_address":true,
          "availability_zone":true,
          "cpu_core_count":true,
          "cpu_threads_per_core":true,
          "credit_specification":false,
          "disable_api_termination":false,
          "ebs_block_device":true,
          "ebs_optimized":false,
          "ephemeral_block_device":true,
          "get_password_data":false,
          "host_id":true,
          "iam_instance_profile":false,
          "id":true,
          "instance_initiated_shutdown_behavior":false,
          "instance_state":true,
          "instance_type":false,
          "ipv6_address_count":true,
          "ipv6_addresses":true,
          "key_name":true,
          "monitoring":false,
          "network_interface":true,
          "network_interface_id":true,
          "password_data":true,
          "placement_group":true,
          "primary_network_interface_id":true,
          "private_dns":true,
          "private_ip":true,
          "public_dns":true,
          "public_ip":true,
          "root_block_device":true,
          "security_groups":true,
          "source_dest_check":false,
          "subnet_id":true,
          "tags":{
            "Name":false
          },
          "tenancy":true,
          "timeouts":false,
          "user_data":false,
          "user_data_base64":false,
          "volume_tags":true,
          "vpc_security_group_ids":true
        }
      }
    }
  ],
  "configuration":{
    "provider_config":{
      "aws":{
        "name":"aws",
        "expressions":{
          "region":{
            "constant_value":"us-west-2"
          }
        }
      },
      "instance-1:aws":{
        "name":"aws",
        "module_address":"instance-1",
        "expressions":{
          "region":{
            "references":[
              "var.region"
            ]
          }
        }
      },
      "instance-2:aws":{
        "name":"aws",
        "module_address":"instance-2",
        "expressions":{
          "region":{
            "references":[
              "var.region"
            ]
          }
        }
      }
    },
    "root_module":{
      "module_calls":{
        "instance-1":{
          "source":"./instance",
          "expressions":{
            "name":{
              "constant_value":"web1"
            },
            "type":{
              "constant_value":"t2.micro"
            }
          },
          "module":{
            "resources":[
              {
                "address":"aws_instance.instance",
                "mode":"managed",
                "type":"aws_instance",
                "name":"instance",
                "provider_config_key":"instance-1:aws",
                "expressions":{
                  "ami":{
                    "references":[
                      "data.aws_ami.ubuntu"
                    ]
                  },
                  "instance_type":{
                    "references":[
                      "var.type"
                    ]
                  },
                  "tags":{
                    "references":[
                      "var.name"
                    ]
                  }
                },
                "schema_version":1
              },
              {
                "address":"data.aws_ami.ubuntu",
                "mode":"data",
                "type":"aws_ami",
                "name":"ubuntu",
                "provider_config_key":"instance-1:aws",
                "expressions":{
                  "filter":[
                    {
                      "name":{
                        "constant_value":"name"
                      },
                      "values":{
                        "constant_value":[
                          "ubuntu/images/hvm-ssd/ubuntu-trusty-14.04-amd64-server-*"
                        ]
                      }
                    },
                    {
                      "name":{
                        "constant_value":"virtualization-type"
                      },
                      "values":{
                        "constant_value":[
                          "hvm"
                        ]
                      }
                    }
                  ],
                  "most_recent":{
                    "constant_value":true
                  },
                  "owners":{
                    "constant_value":[
                      "099720109477"
                    ]
                  }
                },
                "schema_version":0
              }
            ],
            "variables":{
              "name":{

              },
              "region":{
                "default":"us-east-1"
              },
              "type":{
                "default":"t2.micro"
              }
            }
          }
        },
        "instance-2":{
          "source":"./instance",
          "expressions":{
            "name":{
              "constant_value":"web2"
            },
            "type":{
              "constant_value":"t2.micro"
            }
          },
          "module":{
            "resources":[
              {
                "address":"aws_instance.instance",
                "mode":"managed",
                "type":"aws_instance",
                "name":"instance",
                "provider_config_key":"instance-2:aws",
                "expressions":{
                  "ami":{
                    "references":[
                      "data.aws_ami.ubuntu"
                    ]
                  },
                  "instance_type":{
                    "references":[
                      "var.type"
                    ]
                  },
                  "tags":{
                    "references":[
                      "var.name"
                    ]
                  }
                },
                "schema_version":1
              },
              {
                "address":"data.aws_ami.ubuntu",
                "mode":"data",
                "type":"aws_ami",
                "name":"ubuntu",
                "provider_config_key":"instance-2:aws",
                "expressions":{
                  "filter":[
                    {
                      "name":{
                        "constant_value":"name"
                      },
                      "values":{
                        "constant_value":[
                          "ubuntu/images/hvm-ssd/ubuntu-trusty-14.04-amd64-server-*"
                        ]
                      }
                    },
                    {
                      "name":{
                        "constant_value":"virtualization-type"
                      },
                      "values":{
                        "constant_value":[
                          "hvm"
                        ]
                      }
                    }
                  ],
                  "most_recent":{
                    "constant_value":true
                  },
                  "owners":{
                    "constant_value":[
                      "099720109477"
                    ]
                  }
                },
                "schema_version":0
              }
            ],
            "variables":{
              "name":{

              },
              "region":{
                "default":"us-east-1"
              },
              "type":{
                "default":"t2.micro"
              }
            }
          }
        }
      }
    }
  }
}